
Microsoft Visual Studio Solution File, Format Version 12.00
# Visual Studio Version 17
VisualStudioVersion = 17.9.34728.123
MinimumVisualStudioVersion = 10.0.40219.1
Project("{888888A0-9F3D-457C-B088-3A5042F75D52}") = "quizB", "quizB.pyproj", "{C5E1AA91-73DD-460E-AB32-A19AF98BA922}"
EndProject
Global
	GlobalSection(SolutionConfigurationPlatforms) = preSolution
		Debug|Any CPU = Debug|Any CPU
		Release|Any CPU = Release|Any CPU
	EndGlobalSection
	GlobalSection(ProjectConfigurationPlatforms) = postSolution
		{C5E1AA91-73DD-460E-AB32-A19AF98BA922}.Debug|Any CPU.ActiveCfg = Debug|Any CPU
		{C5E1AA91-73DD-460E-AB32-A19AF98BA922}.Release|Any CPU.ActiveCfg = Release|Any CPU
	EndGlobalSection
	GlobalSection(SolutionProperties) = preSolution
		HideSolutionNode = FALSE
	EndGlobalSection
	GlobalSection(ExtensibilityGlobals) = postSolution
		SolutionGuid = {28049DA3-A19F-4A4D-AB05-F47ED389707F}
	EndGlobalSection
EndGlobal
